
Microsoft Visual Studio Solution File, Format Version 12.00
# Visual Studio Version 16
VisualStudioVersion = 16.0.810.6
MinimumVisualStudioVersion = 10.0.40219.1
Project("{FAE04EC0-301F-11D3-BF4B-00C04F79EFBC}") = "dotnetcoreforazuredevops", "dotnetcoreforazuredevops\dotnetcoreforazuredevops.csproj", "{D8E69A85-D8E4-422B-9771-BE7807C66FEC}"
EndProject
Global
	GlobalSection(SolutionConfigurationPlatforms) = preSolution
		Debug|Any CPU = Debug|Any CPU
		Release|Any CPU = Release|Any CPU
	EndGlobalSection
	GlobalSection(ProjectConfigurationPlatforms) = postSolution
		{D8E69A85-D8E4-422B-9771-BE7807C66FEC}.Debug|Any CPU.ActiveCfg = Debug|Any CPU
		{D8E69A85-D8E4-422B-9771-BE7807C66FEC}.Debug|Any CPU.Build.0 = Debug|Any CPU
		{D8E69A85-D8E4-422B-9771-BE7807C66FEC}.Release|Any CPU.ActiveCfg = Release|Any CPU
		{D8E69A85-D8E4-422B-9771-BE7807C66FEC}.Release|Any CPU.Build.0 = Release|Any CPU
	EndGlobalSection
	GlobalSection(SolutionProperties) = preSolution
		HideSolutionNode = FALSE
	EndGlobalSection
	GlobalSection(ExtensibilityGlobals) = postSolution
		SolutionGuid = {B87A3421-073B-4456-A742-47E78E1A5C04}
	EndGlobalSection
EndGlobal
